
Microsoft Visual Studio Solution File, Format Version 12.00
# Visual Studio Version 17
VisualStudioVersion = 17.8.34330.188
MinimumVisualStudioVersion = 10.0.40219.1
Project("{FAE04EC0-301F-11D3-BF4B-00C04F79EFBC}") = "AdvantaTest", "AdvantaTest\AdvantaTest.csproj", "{A41ECCF6-FBD8-41FA-9750-AEFF7929F31E}"
EndProject
Global
	GlobalSection(SolutionConfigurationPlatforms) = preSolution
		Debug|Any CPU = Debug|Any CPU
		Release|Any CPU = Release|Any CPU
	EndGlobalSection
	GlobalSection(ProjectConfigurationPlatforms) = postSolution
		{A41ECCF6-FBD8-41FA-9750-AEFF7929F31E}.Debug|Any CPU.ActiveCfg = Debug|Any CPU
		{A41ECCF6-FBD8-41FA-9750-AEFF7929F31E}.Debug|Any CPU.Build.0 = Debug|Any CPU
		{A41ECCF6-FBD8-41FA-9750-AEFF7929F31E}.Release|Any CPU.ActiveCfg = Release|Any CPU
		{A41ECCF6-FBD8-41FA-9750-AEFF7929F31E}.Release|Any CPU.Build.0 = Release|Any CPU
	EndGlobalSection
	GlobalSection(SolutionProperties) = preSolution
		HideSolutionNode = FALSE
	EndGlobalSection
	GlobalSection(ExtensibilityGlobals) = postSolution
		SolutionGuid = {A29FB1F3-8044-4E3C-8625-A66AACFA5BCE}
	EndGlobalSection
EndGlobal
